Microsoft Visual Studio Solution File, Format Version 12.00
# Visual Studio Version 17
VisualStudioVersion = 17.5.2.0
MinimumVisualStudioVersion = 10.0.40219.1
Project("{FAE04EC0-301F-11D3-BF4B-00C04F79EFBC}") = "PoolOfRadianceCS", "PoolOfRadianceCS.csproj", "{EE74A7B7-D614-E271-C728-BD636DBE19CB}"
EndProject
Global
	GlobalSection(SolutionConfigurationPlatforms) = preSolution
		Debug|Any CPU = Debug|Any CPU
		Release|Any CPU = Release|Any CPU
	EndGlobalSection
	GlobalSection(ProjectConfigurationPlatforms) = postSolution
		{EE74A7B7-D614-E271-C728-BD636DBE19CB}.Debug|Any CPU.ActiveCfg = Debug|Any CPU
		{EE74A7B7-D614-E271-C728-BD636DBE19CB}.Debug|Any CPU.Build.0 = Debug|Any CPU
		{EE74A7B7-D614-E271-C728-BD636DBE19CB}.Release|Any CPU.ActiveCfg = Release|Any CPU
		{EE74A7B7-D614-E271-C728-BD636DBE19CB}.Release|Any CPU.Build.0 = Release|Any CPU
	EndGlobalSection
	GlobalSection(SolutionProperties) = preSolution
		HideSolutionNode = FALSE
	EndGlobalSection
	GlobalSection(ExtensibilityGlobals) = postSolution
		SolutionGuid = {D8DDB1DB-2339-49F9-B6FB-7F2741ACE821}
	EndGlobalSection
EndGlobal
